
Microsoft Visual Studio Solution File, Format Version 12.00
# Visual Studio 2015
Project("{FAE04EC0-301F-11D3-BF4B-00C04F79EFBC}") = "PlayerCharacter", "PlayerCharacter.csproj", "{942633DE-A3E9-8144-9139-6B633506688C}"
EndProject
Global
	GlobalSection(SolutionConfigurationPlatforms) = preSolution
		Debug|Any CPU = Debug|Any CPU
		Release|Any CPU = Release|Any CPU
	EndGlobalSection
	GlobalSection(ProjectConfigurationPlatforms) = postSolution
		{942633DE-A3E9-8144-9139-6B633506688C}.Debug|Any CPU.ActiveCfg = Debug|Any CPU
		{942633DE-A3E9-8144-9139-6B633506688C}.Debug|Any CPU.Build.0 = Debug|Any CPU
		{942633DE-A3E9-8144-9139-6B633506688C}.Release|Any CPU.ActiveCfg = Release|Any CPU
		{942633DE-A3E9-8144-9139-6B633506688C}.Release|Any CPU.Build.0 = Release|Any CPU
	EndGlobalSection
	GlobalSection(SolutionProperties) = preSolution
		HideSolutionNode = FALSE
	EndGlobalSection
EndGlobal
